
Microsoft Visual Studio Solution File, Format Version 12.00
Project("{FAE04EC0-301F-11D3-BF4B-00C04F79EFBC}") = "FoodSeekerAPI", "FoodSeekerAPI.csproj", "{EB0B0D8B-FD21-4BBE-83DE-7CDF61EBA621}"
EndProject
Global
	GlobalSection(SolutionConfigurationPlatforms) = preSolution
		Debug|Any CPU = Debug|Any CPU
		Release|Any CPU = Release|Any CPU
	EndGlobalSection
	GlobalSection(ProjectConfigurationPlatforms) = postSolution
		{EB0B0D8B-FD21-4BBE-83DE-7CDF61EBA621}.Debug|Any CPU.ActiveCfg = Debug|Any CPU
		{EB0B0D8B-FD21-4BBE-83DE-7CDF61EBA621}.Debug|Any CPU.Build.0 = Debug|Any CPU
		{EB0B0D8B-FD21-4BBE-83DE-7CDF61EBA621}.Release|Any CPU.ActiveCfg = Release|Any CPU
		{EB0B0D8B-FD21-4BBE-83DE-7CDF61EBA621}.Release|Any CPU.Build.0 = Release|Any CPU
	EndGlobalSection
EndGlobal
